{
  "name": "react-native-meteor-polyfills",
  "version": "1.1.0",
  "lockfileVersion": 1,
  "requires": true,
  "dependencies": {
    "@react-native-async-storage/async-storage": {
      "version": "1.17.11",
      "resolved": "https://registry.npmjs.org/@react-native-async-storage/async-storage/-/async-storage-1.17.11.tgz",
      "integrity": "sha512-bzs45n5HNcDq6mxXnSsOHysZWn1SbbebNxldBXCQs8dSvF8Aor9KCdpm+TpnnGweK3R6diqsT8lFhX77VX0NFw==",
      "requires": {
        "merge-options": "^3.0.4"
      }
    },
    "@react-native-community/netinfo": {
      "version": "6.0.0",
      "resolved": "https://registry.npmjs.org/@react-native-community/netinfo/-/netinfo-6.0.0.tgz",
      "integrity": "sha512-Z9M8VGcF2IZVOo2x+oUStvpCW/8HjIRi4+iQCu5n+PhC7OqCQX58KYAzdBr///alIfRXiu6oMb+lK+rXQH1FvQ=="
    },
    "is-plain-obj": {
      "version": "2.1.0",
      "resolved": "https://registry.npmjs.org/is-plain-obj/-/is-plain-obj-2.1.0.tgz",
      "integrity": "sha512-YWnfyRwxL/+SsrWYfOpUtz5b3YD+nyfkHvjbcanzk8zgyO4ASD67uVMRt8k5bM4lLMDnXfriRhOpemw+NfT1eA=="
    },
    "merge-options": {
      "version": "3.0.4",
      "resolved": "https://registry.npmjs.org/merge-options/-/merge-options-3.0.4.tgz",
      "integrity": "sha512-2Sug1+knBjkaMsMgf1ctR1Ujx+Ayku4EdJN4Z+C2+JzoeF7A3OZ9KM2GY0CpQS51NR61LTurMJrRKPhSs3ZRTQ==",
      "requires": {
        "is-plain-obj": "^2.1.0"
      }
    },
    "react-native-browser-polyfills": {
      "version": "https://github.com/bmanturner/react-native-browser-polyfills/archive/0fb49f47ab6cfae432ac8e59fd2ff2d306052a67.tar.gz",
      "integrity": "sha512-lA+FzsW+Wx46e3+HYVMo9uMN7n0wpxGRHb7J1yN+Y+h2vhHfh4gbesHYSd8BHhPcqqV3RkoDfE9PnWr8xWGcFw==",
      "requires": {
        "@react-native-community/netinfo": "6.0.0",
        "react-native-sync-localstorage": "https://github.com/bmanturner/react-native-sync-localstorage/archive/961c25b3f2f553527748fcd9c658f33170404968.tar.gz"
      }
    },
    "react-native-sync-localstorage": {
      "version": "https://github.com/bmanturner/react-native-sync-localstorage/archive/961c25b3f2f553527748fcd9c658f33170404968.tar.gz",
      "integrity": "sha512-VwqygA6J8WAj7TXIc8VWswTG0aUu1fmKyVthe0DkGu+xG/zb3IDcsHKItP1nacllptjlE0wGPVgIYmCN99h74A==",
      "requires": {
        "@react-native-async-storage/async-storage": "^1.17.10"
      }
    }
  }
}
